
Microsoft Visual Studio Solution File, Format Version 12.00
# Visual Studio Version 16
VisualStudioVersion = 16.0.30523.141
MinimumVisualStudioVersion = 10.0.40219.1
Project("{9A19103F-16F7-4668-BE54-9A1E7A4F7556}") = "MercyProject", "MercyProject.csproj", "{C9F10167-6945-4917-B0C0-AFC2BD35040A}"
EndProject
Global
	GlobalSection(SolutionConfigurationPlatforms) = preSolution
		Debug|Any CPU = Debug|Any CPU
		Release|Any CPU = Release|Any CPU
	EndGlobalSection
	GlobalSection(ProjectConfigurationPlatforms) = postSolution
		{C9F10167-6945-4917-B0C0-AFC2BD35040A}.Debug|Any CPU.ActiveCfg = Debug|Any CPU
		{C9F10167-6945-4917-B0C0-AFC2BD35040A}.Debug|Any CPU.Build.0 = Debug|Any CPU
		{C9F10167-6945-4917-B0C0-AFC2BD35040A}.Release|Any CPU.ActiveCfg = Release|Any CPU
		{C9F10167-6945-4917-B0C0-AFC2BD35040A}.Release|Any CPU.Build.0 = Release|Any CPU
	EndGlobalSection
	GlobalSection(SolutionProperties) = preSolution
		HideSolutionNode = FALSE
	EndGlobalSection
	GlobalSection(ExtensibilityGlobals) = postSolution
		SolutionGuid = {5621EB18-9F4E-4FFA-AA61-C45E59EAFF79}
	EndGlobalSection
EndGlobal
